
Microsoft Visual Studio Solution File, Format Version 12.00
# Visual Studio Version 16
VisualStudioVersion = 16.0.30523.141
MinimumVisualStudioVersion = 10.0.40219.1
Project("{FAE04EC0-301F-11D3-BF4B-00C04F79EFBC}") = "MyFirstApp", "MyFirstApp.csproj", "{C234F2C1-4BAD-4923-8993-A8364C10B625}"
EndProject
Global
	GlobalSection(SolutionConfigurationPlatforms) = preSolution
		Debug|Any CPU = Debug|Any CPU
		Release|Any CPU = Release|Any CPU
	EndGlobalSection
	GlobalSection(ProjectConfigurationPlatforms) = postSolution
		{C234F2C1-4BAD-4923-8993-A8364C10B625}.Debug|Any CPU.ActiveCfg = Debug|Any CPU
		{C234F2C1-4BAD-4923-8993-A8364C10B625}.Debug|Any CPU.Build.0 = Debug|Any CPU
		{C234F2C1-4BAD-4923-8993-A8364C10B625}.Release|Any CPU.ActiveCfg = Release|Any CPU
		{C234F2C1-4BAD-4923-8993-A8364C10B625}.Release|Any CPU.Build.0 = Release|Any CPU
	EndGlobalSection
	GlobalSection(SolutionProperties) = preSolution
		HideSolutionNode = FALSE
	EndGlobalSection
	GlobalSection(ExtensibilityGlobals) = postSolution
		SolutionGuid = {74A88FC1-9127-4253-B571-7C2F18BC76D7}
	EndGlobalSection
EndGlobal
